{
  "version": 4,
  "terraform_version": "1.1.9",
  "serial": 3,
  "lineage": "83f6b606-7f6e-c812-0c69-5c50e488d460",
  "outputs": {},
  "resources": [
    {
      "mode": "managed",
      "type": "aws_s3_bucket",
      "name": "my-test-bucket",
      "provider": "provider[\"registry.terraform.io/hashicorp/aws\"]",
      "instances": [
        {
          "schema_version": 0,
          "attributes": {
            "acceleration_status": "",
            "acl": null,
            "arn": "arn:aws:s3:::my-tf-test-bucket-123412314132412",
            "bucket": "my-tf-test-bucket-123412314132412",
            "bucket_domain_name": "my-tf-test-bucket-123412314132412.s3.amazonaws.com",
            "bucket_prefix": null,
            "bucket_regional_domain_name": "my-tf-test-bucket-123412314132412.s3.amazonaws.com",
            "cors_rule": [],
            "force_destroy": false,
            "grant": [
              {
                "id": "1949f86ca71f02cee22f1e4bf22d4581cbbe7322505c53d27eb4a156c855d4fe",
                "permissions": [
                  "FULL_CONTROL"
                ],
                "type": "CanonicalUser",
                "uri": ""
              }
            ],
            "hosted_zone_id": "Z3AQBSTGFYJSTF",
            "id": "my-tf-test-bucket-123412314132412",
            "lifecycle_rule": [],
            "logging": [],
            "object_lock_configuration": [],
            "object_lock_enabled": false,
            "policy": "",
            "region": "us-east-1",
            "replication_configuration": [],
            "request_payer": "BucketOwner",
            "server_side_encryption_configuration": [],
            "tags": {
              "Environment": "Dev",
              "Managedby": "Terraform",
              "Name": "My bucket"
            },
            "tags_all": {
              "Environment": "Dev",
              "Managedby": "Terraform",
              "Name": "My bucket"
            },
            "versioning": [
              {
                "enabled": false,
                "mfa_delete": false
              }
            ],
            "website": [],
            "website_domain": null,
            "website_endpoint": null
          },
          "sensitive_attributes": [],
          "private": "bnVsbA=="
        }
      ]
    },
    {
      "mode": "managed",
      "type": "aws_s3_bucket_acl",
      "name": "acl_private",
      "provider": "provider[\"registry.terraform.io/hashicorp/aws\"]",
      "instances": [
        {
          "schema_version": 0,
          "attributes": {
            "access_control_policy": [
              {
                "grant": [
                  {
                    "grantee": [
                      {
                        "display_name": "eduardocortez0133",
                        "email_address": "",
                        "id": "1949f86ca71f02cee22f1e4bf22d4581cbbe7322505c53d27eb4a156c855d4fe",
                        "type": "CanonicalUser",
                        "uri": ""
                      }
                    ],
                    "permission": "FULL_CONTROL"
                  }
                ],
                "owner": [
                  {
                    "display_name": "eduardocortez0133",
                    "id": "1949f86ca71f02cee22f1e4bf22d4581cbbe7322505c53d27eb4a156c855d4fe"
                  }
                ]
              }
            ],
            "acl": "private",
            "bucket": "my-tf-test-bucket-123412314132412",
            "expected_bucket_owner": "",
            "id": "my-tf-test-bucket-123412314132412,private"
          },
          "sensitive_attributes": [],
          "private": "bnVsbA==",
          "dependencies": [
            "aws_s3_bucket.my-test-bucket"
          ]
        }
      ]
    }
  ]
}
