{
  "version": 4,
  "terraform_version": "1.1.9",
  "serial": 14,
  "lineage": "e6d1c06f-e35d-7b48-dcf1-51fa6acaf95e",
  "outputs": {
    "bucket_arn": {
      "value": "arn:aws:s3:::mutually-shortly-generally-obliging-starfish-dev",
      "type": "string"
    },
    "bucket_domain_name": {
      "value": "mutually-shortly-generally-obliging-starfish-dev.s3.amazonaws.com",
      "type": "string"
    },
    "bucket_key": {
      "value": "mutually-shortly-generally-obliging-starfish-dev/config/ips.json",
      "type": "string"
    },
    "bucket_name": {
      "value": "mutually-shortly-generally-obliging-starfish-dev",
      "type": "string"
    }
  },
  "resources": [
    {
      "mode": "managed",
      "type": "aws_s3_bucket",
      "name": "manual",
      "provider": "provider[\"registry.terraform.io/hashicorp/aws\"]",
      "instances": [
        {
          "schema_version": 0,
          "attributes": {
            "acceleration_status": "",
            "acl": null,
            "arn": "arn:aws:s3:::meubucketcriadonoconsoledaaws99887766",
            "bucket": "meubucketcriadonoconsoledaaws99887766",
            "bucket_domain_name": "meubucketcriadonoconsoledaaws99887766.s3.amazonaws.com",
            "bucket_prefix": null,
            "bucket_regional_domain_name": "meubucketcriadonoconsoledaaws99887766.s3.amazonaws.com",
            "cors_rule": [],
            "force_destroy": null,
            "grant": [
              {
                "id": "1949f86ca71f02cee22f1e4bf22d4581cbbe7322505c53d27eb4a156c855d4fe",
                "permissions": [
                  "FULL_CONTROL"
                ],
                "type": "CanonicalUser",
                "uri": ""
              }
            ],
            "hosted_zone_id": "Z3AQBSTGFYJSTF",
            "id": "meubucketcriadonoconsoledaaws99887766",
            "lifecycle_rule": [],
            "logging": [],
            "object_lock_configuration": [],
            "object_lock_enabled": false,
            "policy": "",
            "region": "us-east-1",
            "replication_configuration": [],
            "request_payer": "BucketOwner",
            "server_side_encryption_configuration": [],
            "tags": {
              "Criado": "10/05/2022"
            },
            "tags_all": {
              "Criado": "10/05/2022"
            },
            "versioning": [
              {
                "enabled": false,
                "mfa_delete": false
              }
            ],
            "website": [],
            "website_domain": null,
            "website_endpoint": null
          },
          "sensitive_attributes": [],
          "private": "eyJzY2hlbWFfdmVyc2lvbiI6IjAifQ=="
        }
      ]
    },
    {
      "mode": "managed",
      "type": "aws_s3_bucket",
      "name": "this",
      "provider": "provider[\"registry.terraform.io/hashicorp/aws\"]",
      "instances": [
        {
          "schema_version": 0,
          "attributes": {
            "acceleration_status": "",
            "acl": null,
            "arn": "arn:aws:s3:::mutually-shortly-generally-obliging-starfish-dev",
            "bucket": "mutually-shortly-generally-obliging-starfish-dev",
            "bucket_domain_name": "mutually-shortly-generally-obliging-starfish-dev.s3.amazonaws.com",
            "bucket_prefix": null,
            "bucket_regional_domain_name": "mutually-shortly-generally-obliging-starfish-dev.s3.amazonaws.com",
            "cors_rule": [],
            "force_destroy": false,
            "grant": [
              {
                "id": "1949f86ca71f02cee22f1e4bf22d4581cbbe7322505c53d27eb4a156c855d4fe",
                "permissions": [
                  "FULL_CONTROL"
                ],
                "type": "CanonicalUser",
                "uri": ""
              }
            ],
            "hosted_zone_id": "Z3AQBSTGFYJSTF",
            "id": "mutually-shortly-generally-obliging-starfish-dev",
            "lifecycle_rule": [],
            "logging": [],
            "object_lock_configuration": [],
            "object_lock_enabled": false,
            "policy": "",
            "region": "us-east-1",
            "replication_configuration": [],
            "request_payer": "BucketOwner",
            "server_side_encryption_configuration": [],
            "tags": {
              "Environment": "dev",
              "Managedby": "Terraform",
              "Owner": "Eduardo Cortez",
              "Service": "Curso Terraform"
            },
            "tags_all": {
              "Environment": "dev",
              "Managedby": "Terraform",
              "Owner": "Eduardo Cortez",
              "Service": "Curso Terraform"
            },
            "versioning": [
              {
                "enabled": false,
                "mfa_delete": false
              }
            ],
            "website": [],
            "website_domain": null,
            "website_endpoint": null
          },
          "sensitive_attributes": [],
          "private": "bnVsbA==",
          "dependencies": [
            "random_pet.bucket"
          ]
        }
      ]
    },
    {
      "mode": "managed",
      "type": "aws_s3_bucket_acl",
      "name": "acl_private",
      "provider": "provider[\"registry.terraform.io/hashicorp/aws\"]",
      "instances": [
        {
          "schema_version": 0,
          "attributes": {
            "access_control_policy": [
              {
                "grant": [
                  {
                    "grantee": [
                      {
                        "display_name": "eduardocortez0133",
                        "email_address": "",
                        "id": "1949f86ca71f02cee22f1e4bf22d4581cbbe7322505c53d27eb4a156c855d4fe",
                        "type": "CanonicalUser",
                        "uri": ""
                      }
                    ],
                    "permission": "FULL_CONTROL"
                  }
                ],
                "owner": [
                  {
                    "display_name": "eduardocortez0133",
                    "id": "1949f86ca71f02cee22f1e4bf22d4581cbbe7322505c53d27eb4a156c855d4fe"
                  }
                ]
              }
            ],
            "acl": "private",
            "bucket": "mutually-shortly-generally-obliging-starfish-dev",
            "expected_bucket_owner": "",
            "id": "mutually-shortly-generally-obliging-starfish-dev,private"
          },
          "sensitive_attributes": [],
          "private": "bnVsbA==",
          "dependencies": [
            "aws_s3_bucket.this",
            "random_pet.bucket"
          ]
        }
      ]
    },
    {
      "mode": "managed",
      "type": "aws_s3_object",
      "name": "random",
      "provider": "provider[\"registry.terraform.io/hashicorp/aws\"]",
      "instances": [
        {
          "schema_version": 0,
          "attributes": {
            "acl": "private",
            "bucket": "mutually-shortly-generally-obliging-starfish-dev",
            "bucket_key_enabled": false,
            "cache_control": "",
            "content": null,
            "content_base64": null,
            "content_disposition": "",
            "content_encoding": "",
            "content_language": "",
            "content_type": "application/json",
            "etag": "8d5d145d20615ab7133cd6b7be890a17",
            "force_destroy": false,
            "id": "config/mutually-shortly-generally-obliging-starfish.json",
            "key": "config/mutually-shortly-generally-obliging-starfish.json",
            "kms_key_id": null,
            "metadata": {},
            "object_lock_legal_hold_status": "",
            "object_lock_mode": "",
            "object_lock_retain_until_date": "",
            "server_side_encryption": "",
            "source": "ips.json",
            "source_hash": null,
            "storage_class": "STANDARD",
            "tags": {
              "Environment": "dev",
              "Managedby": "Terraform",
              "Owner": "Eduardo Cortez",
              "Service": "Curso Terraform"
            },
            "tags_all": {
              "Environment": "dev",
              "Managedby": "Terraform",
              "Owner": "Eduardo Cortez",
              "Service": "Curso Terraform"
            },
            "version_id": "",
            "website_redirect": ""
          },
          "sensitive_attributes": [],
          "private": "bnVsbA==",
          "dependencies": [
            "aws_s3_bucket.this",
            "random_pet.bucket"
          ]
        }
      ]
    },
    {
      "mode": "managed",
      "type": "aws_s3_object",
      "name": "this",
      "provider": "provider[\"registry.terraform.io/hashicorp/aws\"]",
      "instances": [
        {
          "schema_version": 0,
          "attributes": {
            "acl": "private",
            "bucket": "mutually-shortly-generally-obliging-starfish-dev",
            "bucket_key_enabled": false,
            "cache_control": "",
            "content": null,
            "content_base64": null,
            "content_disposition": "",
            "content_encoding": "",
            "content_language": "",
            "content_type": "application/json",
            "etag": "8d5d145d20615ab7133cd6b7be890a17",
            "force_destroy": false,
            "id": "config/ips.json",
            "key": "config/ips.json",
            "kms_key_id": null,
            "metadata": {},
            "object_lock_legal_hold_status": "",
            "object_lock_mode": "",
            "object_lock_retain_until_date": "",
            "server_side_encryption": "",
            "source": "ips.json",
            "source_hash": null,
            "storage_class": "STANDARD",
            "tags": {
              "Environment": "dev",
              "Managedby": "Terraform",
              "Owner": "Eduardo Cortez",
              "Service": "Curso Terraform"
            },
            "tags_all": {
              "Environment": "dev",
              "Managedby": "Terraform",
              "Owner": "Eduardo Cortez",
              "Service": "Curso Terraform"
            },
            "version_id": "",
            "website_redirect": ""
          },
          "sensitive_attributes": [],
          "private": "bnVsbA==",
          "dependencies": [
            "aws_s3_bucket.this"
          ]
        }
      ]
    },
    {
      "mode": "managed",
      "type": "random_pet",
      "name": "bucket",
      "provider": "provider[\"registry.terraform.io/hashicorp/random\"]",
      "instances": [
        {
          "schema_version": 0,
          "attributes": {
            "id": "mutually-shortly-generally-obliging-starfish",
            "keepers": null,
            "length": 5,
            "prefix": null,
            "separator": "-"
          },
          "sensitive_attributes": [],
          "private": "bnVsbA=="
        }
      ]
    }
  ]
}
