{
  "version": 4,
  "terraform_version": "1.1.9",
  "serial": 19,
  "lineage": "2f3655e1-81d4-2e25-8194-6e73c59f8ace",
  "outputs": {
    "instance_names": {
      "value": "Instance 1, Instance 2, Instance 3",
      "type": "string"
    },
    "instance_public_ips": {
      "value": [
        "3.86.209.86",
        "3.239.197.26",
        "44.193.202.167"
      ],
      "type": [
        "tuple",
        [
          "string",
          "string",
          "string"
        ]
      ]
    }
  },
  "resources": [
    {
      "mode": "data",
      "type": "archive_file",
      "name": "json",
      "provider": "provider[\"registry.terraform.io/hashicorp/archive\"]",
      "instances": [
        {
          "schema_version": 0,
          "attributes": {
            "excludes": null,
            "id": "cbd13012c7c270b54eb7673910b8b2bcb111a20c",
            "output_base64sha256": "hnQgGmlL4ytLmDcqOgiZ+V1dbf6XAmYCMI2FRCBP6wo=",
            "output_file_mode": null,
            "output_md5": "61fd0ecb238359f40c3dd1e00c57e1c4",
            "output_path": "./files/meu-arquivo-gerado-de-um-template.zip",
            "output_sha": "cbd13012c7c270b54eb7673910b8b2bcb111a20c",
            "output_size": 984,
            "source": [
              {
                "content": "{\n  \"_id\": \"5c4ced467fed6b22958523af\",\n  \"index\": 0,\n  \"guid\": \"ec360fa8-f535-4ad5-835a-683f928495cd\",\n  \"isActive\": true,\n  \"balance\": \"$3,892.62\",\n  \"picture\": \"http://placehold.it/32x32\",\n  \"age\": \"42\",\n  \"eyeColor\": \"Brown\",\n  \"name\": \"Eduardo\",\n  \"gender\": \"Male\",\n  \"company\": \"FITCORE\",\n  \"email\": \"tamekaweber@fitcore.com\",\n  \"phone\": \"+1 (851) 497-3226\",\n  \"address\": \"529 Pierrepont Street, Bainbridge, New Jersey, 9407\",\n  \"about\": \"Do irure proident reprehenderit aliquip ipsum. Ea sunt commodo in esse fugiat adipisicing aute consequat eiusmod eu veniam ad. Nulla ad et exercitation voluptate proident mollit sunt adipisicing aute dolor esse. Reprehenderit ea laboris sunt aliquip adipisicing qui pariatur excepteur ut et ullamco elit nostrud culpa. Nulla aliqua commodo sunt non Lorem incididunt aliquip voluptate consectetur commodo non dolor veniam. Officia culpa exercitation do enim veniam adipisicing. Nulla fugiat et eiusmod aute incididunt laboris deserunt excepteur fugiat duis officia.\\r\\n\",\n  \"registered\": \"2018-04-12T11:58:28 +03:00\",\n  \"latitude\": -28.83255,\n  \"longitude\": -108.89522,\n  \"tags\": [\n    \"pariatur\",\n    \"amet\",\n    \"qui\",\n    \"aute\",\n    \"mollit\",\n    \"aliquip\",\n    \"excepteur\"\n  ],\n  \"friends\": [\n    {\n      \"id\": 0,\n      \"name\": \"Rodriquez Garrett\"\n    },\n    {\n      \"id\": 1,\n      \"name\": \"Ebony Cole\"\n    },\n    {\n      \"id\": 2,\n      \"name\": \"Travis Ashley\"\n    }\n  ],\n  \"greeting\": \"Hello, Tameka Weber! You have 1 unread messages.\",\n  \"favoriteFruit\": \"apple\"\n}",
                "filename": "meu-arquivo-gerado-de-um-template.json"
              }
            ],
            "source_content": null,
            "source_content_filename": null,
            "source_dir": null,
            "source_file": null,
            "type": "zip"
          },
          "sensitive_attributes": []
        }
      ]
    },
    {
      "mode": "data",
      "type": "template_file",
      "name": "json",
      "provider": "provider[\"registry.terraform.io/hashicorp/template\"]",
      "instances": [
        {
          "schema_version": 0,
          "attributes": {
            "filename": null,
            "id": "900a867e4def05dab0a391301e658f51dcbd40927fbd895e0cfe0215ccd47ce2",
            "rendered": "{\n  \"_id\": \"5c4ced467fed6b22958523af\",\n  \"index\": 0,\n  \"guid\": \"ec360fa8-f535-4ad5-835a-683f928495cd\",\n  \"isActive\": true,\n  \"balance\": \"$3,892.62\",\n  \"picture\": \"http://placehold.it/32x32\",\n  \"age\": \"42\",\n  \"eyeColor\": \"Brown\",\n  \"name\": \"Eduardo\",\n  \"gender\": \"Male\",\n  \"company\": \"FITCORE\",\n  \"email\": \"tamekaweber@fitcore.com\",\n  \"phone\": \"+1 (851) 497-3226\",\n  \"address\": \"529 Pierrepont Street, Bainbridge, New Jersey, 9407\",\n  \"about\": \"Do irure proident reprehenderit aliquip ipsum. Ea sunt commodo in esse fugiat adipisicing aute consequat eiusmod eu veniam ad. Nulla ad et exercitation voluptate proident mollit sunt adipisicing aute dolor esse. Reprehenderit ea laboris sunt aliquip adipisicing qui pariatur excepteur ut et ullamco elit nostrud culpa. Nulla aliqua commodo sunt non Lorem incididunt aliquip voluptate consectetur commodo non dolor veniam. Officia culpa exercitation do enim veniam adipisicing. Nulla fugiat et eiusmod aute incididunt laboris deserunt excepteur fugiat duis officia.\\r\\n\",\n  \"registered\": \"2018-04-12T11:58:28 +03:00\",\n  \"latitude\": -28.83255,\n  \"longitude\": -108.89522,\n  \"tags\": [\n    \"pariatur\",\n    \"amet\",\n    \"qui\",\n    \"aute\",\n    \"mollit\",\n    \"aliquip\",\n    \"excepteur\"\n  ],\n  \"friends\": [\n    {\n      \"id\": 0,\n      \"name\": \"Rodriquez Garrett\"\n    },\n    {\n      \"id\": 1,\n      \"name\": \"Ebony Cole\"\n    },\n    {\n      \"id\": 2,\n      \"name\": \"Travis Ashley\"\n    }\n  ],\n  \"greeting\": \"Hello, Tameka Weber! You have 1 unread messages.\",\n  \"favoriteFruit\": \"apple\"\n}",
            "template": "{\n  \"_id\": \"5c4ced467fed6b22958523af\",\n  \"index\": 0,\n  \"guid\": \"ec360fa8-f535-4ad5-835a-683f928495cd\",\n  \"isActive\": true,\n  \"balance\": \"$3,892.62\",\n  \"picture\": \"http://placehold.it/32x32\",\n  \"age\": \"${age}\",\n  \"eyeColor\": \"${eye}\",\n  \"name\": \"${name}\",\n  \"gender\": \"${gender}\",\n  \"company\": \"FITCORE\",\n  \"email\": \"tamekaweber@fitcore.com\",\n  \"phone\": \"+1 (851) 497-3226\",\n  \"address\": \"529 Pierrepont Street, Bainbridge, New Jersey, 9407\",\n  \"about\": \"Do irure proident reprehenderit aliquip ipsum. Ea sunt commodo in esse fugiat adipisicing aute consequat eiusmod eu veniam ad. Nulla ad et exercitation voluptate proident mollit sunt adipisicing aute dolor esse. Reprehenderit ea laboris sunt aliquip adipisicing qui pariatur excepteur ut et ullamco elit nostrud culpa. Nulla aliqua commodo sunt non Lorem incididunt aliquip voluptate consectetur commodo non dolor veniam. Officia culpa exercitation do enim veniam adipisicing. Nulla fugiat et eiusmod aute incididunt laboris deserunt excepteur fugiat duis officia.\\r\\n\",\n  \"registered\": \"2018-04-12T11:58:28 +03:00\",\n  \"latitude\": -28.83255,\n  \"longitude\": -108.89522,\n  \"tags\": [\n    \"pariatur\",\n    \"amet\",\n    \"qui\",\n    \"aute\",\n    \"mollit\",\n    \"aliquip\",\n    \"excepteur\"\n  ],\n  \"friends\": [\n    {\n      \"id\": 0,\n      \"name\": \"Rodriquez Garrett\"\n    },\n    {\n      \"id\": 1,\n      \"name\": \"Ebony Cole\"\n    },\n    {\n      \"id\": 2,\n      \"name\": \"Travis Ashley\"\n    }\n  ],\n  \"greeting\": \"Hello, Tameka Weber! You have 1 unread messages.\",\n  \"favoriteFruit\": \"apple\"\n}",
            "vars": {
              "age": "42",
              "eye": "Brown",
              "gender": "Male",
              "name": "Eduardo"
            }
          },
          "sensitive_attributes": []
        }
      ]
    },
    {
      "mode": "managed",
      "type": "aws_instance",
      "name": "server",
      "provider": "provider[\"registry.terraform.io/hashicorp/aws\"]",
      "instances": [
        {
          "index_key": 0,
          "schema_version": 1,
          "attributes": {
            "ami": "ami-0022f774911c1d690",
            "arn": "arn:aws:ec2:us-east-1:045762655454:instance/i-0128f4bed93662296",
            "associate_public_ip_address": true,
            "availability_zone": "us-east-1c",
            "capacity_reservation_specification": [
              {
                "capacity_reservation_preference": "open",
                "capacity_reservation_target": []
              }
            ],
            "cpu_core_count": 1,
            "cpu_threads_per_core": 2,
            "credit_specification": [
              {
                "cpu_credits": "unlimited"
              }
            ],
            "disable_api_termination": false,
            "ebs_block_device": [],
            "ebs_optimized": false,
            "enclave_options": [
              {
                "enabled": false
              }
            ],
            "ephemeral_block_device": [],
            "get_password_data": false,
            "hibernation": false,
            "host_id": null,
            "iam_instance_profile": "",
            "id": "i-0128f4bed93662296",
            "instance_initiated_shutdown_behavior": "stop",
            "instance_state": "running",
            "instance_type": "t3.medium",
            "ipv6_address_count": 0,
            "ipv6_addresses": [],
            "key_name": "",
            "launch_template": [],
            "maintenance_options": [
              {
                "auto_recovery": "default"
              }
            ],
            "metadata_options": [
              {
                "http_endpoint": "enabled",
                "http_put_response_hop_limit": 1,
                "http_tokens": "optional",
                "instance_metadata_tags": "disabled"
              }
            ],
            "monitoring": false,
            "network_interface": [],
            "outpost_arn": "",
            "password_data": "",
            "placement_group": "",
            "placement_partition_number": null,
            "primary_network_interface_id": "eni-0e87208a940acd207",
            "private_dns": "ip-172-31-94-216.ec2.internal",
            "private_ip": "172.31.94.216",
            "public_dns": "ec2-3-86-209-86.compute-1.amazonaws.com",
            "public_ip": "3.86.209.86",
            "root_block_device": [
              {
                "delete_on_termination": true,
                "device_name": "/dev/xvda",
                "encrypted": false,
                "iops": 100,
                "kms_key_id": "",
                "tags": {},
                "throughput": 0,
                "volume_id": "vol-0043eaefeb718837d",
                "volume_size": 8,
                "volume_type": "gp2"
              }
            ],
            "secondary_private_ips": [],
            "security_groups": [
              "default"
            ],
            "source_dest_check": true,
            "subnet_id": "subnet-9d7505bc",
            "tags": {
              "Env": "prod",
              "Name": "Instance 1",
              "Owner": "Eduardo Cortez",
              "Project": "Curso AWS com Terraform",
              "Year": "2022"
            },
            "tags_all": {
              "Env": "prod",
              "Name": "Instance 1",
              "Owner": "Eduardo Cortez",
              "Project": "Curso AWS com Terraform",
              "Year": "2022"
            },
            "tenancy": "default",
            "timeouts": null,
            "user_data": null,
            "user_data_base64": null,
            "user_data_replace_on_change": false,
            "volume_tags": null,
            "vpc_security_group_ids": [
              "sg-f3994af3"
            ]
          },
          "sensitive_attributes": [],
          "private": "eyJlMmJmYjczMC1lY2FhLTExZTYtOGY4OC0zNDM2M2JjN2M0YzAiOnsiY3JlYXRlIjo2MDAwMDAwMDAwMDAsImRlbGV0ZSI6MTIwMDAwMDAwMDAwMCwidXBkYXRlIjo2MDAwMDAwMDAwMDB9LCJzY2hlbWFfdmVyc2lvbiI6IjEifQ=="
        },
        {
          "index_key": 1,
          "schema_version": 1,
          "attributes": {
            "ami": "ami-0022f774911c1d690",
            "arn": "arn:aws:ec2:us-east-1:045762655454:instance/i-06e9689039e819356",
            "associate_public_ip_address": true,
            "availability_zone": "us-east-1b",
            "capacity_reservation_specification": [
              {
                "capacity_reservation_preference": "open",
                "capacity_reservation_target": []
              }
            ],
            "cpu_core_count": 1,
            "cpu_threads_per_core": 2,
            "credit_specification": [
              {
                "cpu_credits": "unlimited"
              }
            ],
            "disable_api_termination": false,
            "ebs_block_device": [],
            "ebs_optimized": false,
            "enclave_options": [
              {
                "enabled": false
              }
            ],
            "ephemeral_block_device": [],
            "get_password_data": false,
            "hibernation": false,
            "host_id": null,
            "iam_instance_profile": "",
            "id": "i-06e9689039e819356",
            "instance_initiated_shutdown_behavior": "stop",
            "instance_state": "running",
            "instance_type": "t3.medium",
            "ipv6_address_count": 0,
            "ipv6_addresses": [],
            "key_name": "",
            "launch_template": [],
            "maintenance_options": [
              {
                "auto_recovery": "default"
              }
            ],
            "metadata_options": [
              {
                "http_endpoint": "enabled",
                "http_put_response_hop_limit": 1,
                "http_tokens": "optional",
                "instance_metadata_tags": "disabled"
              }
            ],
            "monitoring": false,
            "network_interface": [],
            "outpost_arn": "",
            "password_data": "",
            "placement_group": "",
            "placement_partition_number": null,
            "primary_network_interface_id": "eni-0f4ee2c6afa18a81a",
            "private_dns": "ip-172-31-14-123.ec2.internal",
            "private_ip": "172.31.14.123",
            "public_dns": "ec2-3-239-197-26.compute-1.amazonaws.com",
            "public_ip": "3.239.197.26",
            "root_block_device": [
              {
                "delete_on_termination": true,
                "device_name": "/dev/xvda",
                "encrypted": false,
                "iops": 100,
                "kms_key_id": "",
                "tags": {},
                "throughput": 0,
                "volume_id": "vol-0835d0d6fe19dc371",
                "volume_size": 8,
                "volume_type": "gp2"
              }
            ],
            "secondary_private_ips": [],
            "security_groups": [
              "default"
            ],
            "source_dest_check": true,
            "subnet_id": "subnet-53e98335",
            "tags": {
              "Env": "prod",
              "Name": "Instance 2",
              "Owner": "Eduardo Cortez",
              "Project": "Curso AWS com Terraform",
              "Year": "2022"
            },
            "tags_all": {
              "Env": "prod",
              "Name": "Instance 2",
              "Owner": "Eduardo Cortez",
              "Project": "Curso AWS com Terraform",
              "Year": "2022"
            },
            "tenancy": "default",
            "timeouts": null,
            "user_data": null,
            "user_data_base64": null,
            "user_data_replace_on_change": false,
            "volume_tags": null,
            "vpc_security_group_ids": [
              "sg-f3994af3"
            ]
          },
          "sensitive_attributes": [],
          "private": "eyJlMmJmYjczMC1lY2FhLTExZTYtOGY4OC0zNDM2M2JjN2M0YzAiOnsiY3JlYXRlIjo2MDAwMDAwMDAwMDAsImRlbGV0ZSI6MTIwMDAwMDAwMDAwMCwidXBkYXRlIjo2MDAwMDAwMDAwMDB9LCJzY2hlbWFfdmVyc2lvbiI6IjEifQ=="
        },
        {
          "index_key": 2,
          "schema_version": 1,
          "attributes": {
            "ami": "ami-0022f774911c1d690",
            "arn": "arn:aws:ec2:us-east-1:045762655454:instance/i-069f17653e28a5583",
            "associate_public_ip_address": true,
            "availability_zone": "us-east-1b",
            "capacity_reservation_specification": [
              {
                "capacity_reservation_preference": "open",
                "capacity_reservation_target": []
              }
            ],
            "cpu_core_count": 1,
            "cpu_threads_per_core": 2,
            "credit_specification": [
              {
                "cpu_credits": "unlimited"
              }
            ],
            "disable_api_termination": false,
            "ebs_block_device": [],
            "ebs_optimized": false,
            "enclave_options": [
              {
                "enabled": false
              }
            ],
            "ephemeral_block_device": [],
            "get_password_data": false,
            "hibernation": false,
            "host_id": null,
            "iam_instance_profile": "",
            "id": "i-069f17653e28a5583",
            "instance_initiated_shutdown_behavior": "stop",
            "instance_state": "running",
            "instance_type": "t3.medium",
            "ipv6_address_count": 0,
            "ipv6_addresses": [],
            "key_name": "",
            "launch_template": [],
            "maintenance_options": [
              {
                "auto_recovery": "default"
              }
            ],
            "metadata_options": [
              {
                "http_endpoint": "enabled",
                "http_put_response_hop_limit": 1,
                "http_tokens": "optional",
                "instance_metadata_tags": "disabled"
              }
            ],
            "monitoring": false,
            "network_interface": [],
            "outpost_arn": "",
            "password_data": "",
            "placement_group": "",
            "placement_partition_number": null,
            "primary_network_interface_id": "eni-0ee2390137e0a4ff1",
            "private_dns": "ip-172-31-6-53.ec2.internal",
            "private_ip": "172.31.6.53",
            "public_dns": "ec2-44-193-202-167.compute-1.amazonaws.com",
            "public_ip": "44.193.202.167",
            "root_block_device": [
              {
                "delete_on_termination": true,
                "device_name": "/dev/xvda",
                "encrypted": false,
                "iops": 100,
                "kms_key_id": "",
                "tags": {},
                "throughput": 0,
                "volume_id": "vol-0099c15f5719fd2b4",
                "volume_size": 8,
                "volume_type": "gp2"
              }
            ],
            "secondary_private_ips": [],
            "security_groups": [
              "default"
            ],
            "source_dest_check": true,
            "subnet_id": "subnet-53e98335",
            "tags": {
              "Env": "prod",
              "Name": "Instance 3",
              "Owner": "Eduardo Cortez",
              "Project": "Curso AWS com Terraform",
              "Year": "2022"
            },
            "tags_all": {
              "Env": "prod",
              "Name": "Instance 3",
              "Owner": "Eduardo Cortez",
              "Project": "Curso AWS com Terraform",
              "Year": "2022"
            },
            "tenancy": "default",
            "timeouts": null,
            "user_data": null,
            "user_data_base64": null,
            "user_data_replace_on_change": false,
            "volume_tags": null,
            "vpc_security_group_ids": [
              "sg-f3994af3"
            ]
          },
          "sensitive_attributes": [],
          "private": "eyJlMmJmYjczMC1lY2FhLTExZTYtOGY4OC0zNDM2M2JjN2M0YzAiOnsiY3JlYXRlIjo2MDAwMDAwMDAwMDAsImRlbGV0ZSI6MTIwMDAwMDAwMDAwMCwidXBkYXRlIjo2MDAwMDAwMDAwMDB9LCJzY2hlbWFfdmVyc2lvbiI6IjEifQ=="
        }
      ]
    },
    {
      "mode": "managed",
      "type": "aws_s3_bucket",
      "name": "this",
      "provider": "provider[\"registry.terraform.io/hashicorp/aws\"]",
      "instances": [
        {
          "schema_version": 0,
          "attributes": {
            "acceleration_status": "",
            "acl": null,
            "arn": "arn:aws:s3:::neatly-terribly-strongly-modern-coral-prod",
            "bucket": "neatly-terribly-strongly-modern-coral-prod",
            "bucket_domain_name": "neatly-terribly-strongly-modern-coral-prod.s3.amazonaws.com",
            "bucket_prefix": null,
            "bucket_regional_domain_name": "neatly-terribly-strongly-modern-coral-prod.s3.amazonaws.com",
            "cors_rule": [],
            "force_destroy": false,
            "grant": [
              {
                "id": "1949f86ca71f02cee22f1e4bf22d4581cbbe7322505c53d27eb4a156c855d4fe",
                "permissions": [
                  "FULL_CONTROL"
                ],
                "type": "CanonicalUser",
                "uri": ""
              }
            ],
            "hosted_zone_id": "Z3AQBSTGFYJSTF",
            "id": "neatly-terribly-strongly-modern-coral-prod",
            "lifecycle_rule": [],
            "logging": [],
            "object_lock_configuration": [],
            "object_lock_enabled": false,
            "policy": "",
            "region": "us-east-1",
            "replication_configuration": [],
            "request_payer": "BucketOwner",
            "server_side_encryption_configuration": [],
            "tags": {
              "Owner": "Eduardo Cortez",
              "Year": "2022"
            },
            "tags_all": {
              "Owner": "Eduardo Cortez",
              "Year": "2022"
            },
            "versioning": [
              {
                "enabled": false,
                "mfa_delete": false
              }
            ],
            "website": [],
            "website_domain": null,
            "website_endpoint": null
          },
          "sensitive_attributes": [],
          "private": "bnVsbA==",
          "dependencies": [
            "random_pet.bucket"
          ]
        }
      ]
    },
    {
      "mode": "managed",
      "type": "aws_s3_bucket_acl",
      "name": "acl_private",
      "provider": "provider[\"registry.terraform.io/hashicorp/aws\"]",
      "instances": [
        {
          "schema_version": 0,
          "attributes": {
            "access_control_policy": [
              {
                "grant": [
                  {
                    "grantee": [
                      {
                        "display_name": "eduardocortez0133",
                        "email_address": "",
                        "id": "1949f86ca71f02cee22f1e4bf22d4581cbbe7322505c53d27eb4a156c855d4fe",
                        "type": "CanonicalUser",
                        "uri": ""
                      }
                    ],
                    "permission": "FULL_CONTROL"
                  }
                ],
                "owner": [
                  {
                    "display_name": "eduardocortez0133",
                    "id": "1949f86ca71f02cee22f1e4bf22d4581cbbe7322505c53d27eb4a156c855d4fe"
                  }
                ]
              }
            ],
            "acl": "private",
            "bucket": "neatly-terribly-strongly-modern-coral-prod",
            "expected_bucket_owner": "",
            "id": "neatly-terribly-strongly-modern-coral-prod,private"
          },
          "sensitive_attributes": [],
          "private": "bnVsbA==",
          "dependencies": [
            "aws_s3_bucket.this",
            "random_pet.bucket"
          ]
        }
      ]
    },
    {
      "mode": "managed",
      "type": "aws_s3_object",
      "name": "this",
      "provider": "provider[\"registry.terraform.io/hashicorp/aws\"]",
      "instances": [
        {
          "schema_version": 0,
          "attributes": {
            "acl": "private",
            "bucket": "neatly-terribly-strongly-modern-coral-prod",
            "bucket_key_enabled": false,
            "cache_control": "",
            "content": null,
            "content_base64": null,
            "content_disposition": "",
            "content_encoding": "",
            "content_language": "",
            "content_type": "application/zip",
            "etag": "61fd0ecb238359f40c3dd1e00c57e1c4",
            "force_destroy": false,
            "id": "59844a07-9aa9-d681-c568-afbebfbdb4ce.zip",
            "key": "59844a07-9aa9-d681-c568-afbebfbdb4ce.zip",
            "kms_key_id": null,
            "metadata": null,
            "object_lock_legal_hold_status": "",
            "object_lock_mode": "",
            "object_lock_retain_until_date": "",
            "server_side_encryption": "",
            "source": "./files/meu-arquivo-gerado-de-um-template.zip",
            "source_hash": null,
            "storage_class": "STANDARD",
            "tags": {
              "Owner": "Eduardo Cortez",
              "Year": "2022"
            },
            "tags_all": {
              "Owner": "Eduardo Cortez",
              "Year": "2022"
            },
            "version_id": "",
            "website_redirect": ""
          },
          "sensitive_attributes": [],
          "private": "bnVsbA==",
          "dependencies": [
            "aws_s3_bucket.this",
            "data.archive_file.json"
          ]
        }
      ]
    },
    {
      "mode": "managed",
      "type": "random_pet",
      "name": "bucket",
      "provider": "provider[\"registry.terraform.io/hashicorp/random\"]",
      "instances": [
        {
          "schema_version": 0,
          "attributes": {
            "id": "neatly-terribly-strongly-modern-coral",
            "keepers": null,
            "length": 5,
            "prefix": null,
            "separator": "-"
          },
          "sensitive_attributes": [],
          "private": "bnVsbA=="
        }
      ]
    }
  ]
}
