{
  "version": 4,
  "terraform_version": "1.1.9",
  "serial": 4,
  "lineage": "38d8cf25-0acf-8e81-e622-340be171ba8d",
  "outputs": {
    "server": {
      "value": {
        "ami": "ami-053d61dfb9b1d269d",
        "arn": "arn:aws:ec2:us-east-1:045762655454:instance/i-08e31e2297c904490",
        "id": "i-08e31e2297c904490"
      },
      "type": [
        "object",
        {
          "ami": "string",
          "arn": "string",
          "id": "string"
        }
      ]
    }
  },
  "resources": [
    {
      "mode": "data",
      "type": "terraform_remote_state",
      "name": "server",
      "provider": "provider[\"terraform.io/builtin/terraform\"]",
      "instances": [
        {
          "schema_version": 0,
          "attributes": {
            "backend": "s3",
            "config": {
              "value": {
                "bucket": "tfstate-045762655454",
                "key": "dev/03-data-sources-s3/terraform.tfstate",
                "profile": "corteztech",
                "region": "us-east-1"
              },
              "type": [
                "object",
                {
                  "bucket": "string",
                  "key": "string",
                  "profile": "string",
                  "region": "string"
                }
              ]
            },
            "defaults": null,
            "outputs": {
              "value": {
                "ami": "ami-053d61dfb9b1d269d",
                "arn": "arn:aws:ec2:us-east-1:045762655454:instance/i-08e31e2297c904490",
                "id": "i-08e31e2297c904490"
              },
              "type": [
                "object",
                {
                  "ami": "string",
                  "arn": "string",
                  "id": "string"
                }
              ]
            },
            "workspace": null
          },
          "sensitive_attributes": []
        }
      ]
    },
    {
      "mode": "managed",
      "type": "aws_s3_bucket",
      "name": "this",
      "provider": "provider[\"registry.terraform.io/hashicorp/aws\"]",
      "instances": [
        {
          "schema_version": 0,
          "attributes": {
            "acceleration_status": "",
            "acl": null,
            "arn": "arn:aws:s3:::my-bucket-illegally-currently-smoothly-profound-civet",
            "bucket": "my-bucket-illegally-currently-smoothly-profound-civet",
            "bucket_domain_name": "my-bucket-illegally-currently-smoothly-profound-civet.s3.amazonaws.com",
            "bucket_prefix": null,
            "bucket_regional_domain_name": "my-bucket-illegally-currently-smoothly-profound-civet.s3.amazonaws.com",
            "cors_rule": [],
            "force_destroy": false,
            "grant": [
              {
                "id": "1949f86ca71f02cee22f1e4bf22d4581cbbe7322505c53d27eb4a156c855d4fe",
                "permissions": [
                  "FULL_CONTROL"
                ],
                "type": "CanonicalUser",
                "uri": ""
              }
            ],
            "hosted_zone_id": "Z3AQBSTGFYJSTF",
            "id": "my-bucket-illegally-currently-smoothly-profound-civet",
            "lifecycle_rule": [],
            "logging": [],
            "object_lock_configuration": [],
            "object_lock_enabled": false,
            "policy": "",
            "region": "us-east-1",
            "replication_configuration": [],
            "request_payer": "BucketOwner",
            "server_side_encryption_configuration": [],
            "tags": null,
            "tags_all": {},
            "versioning": [
              {
                "enabled": false,
                "mfa_delete": false
              }
            ],
            "website": [],
            "website_domain": null,
            "website_endpoint": null
          },
          "sensitive_attributes": [],
          "private": "bnVsbA==",
          "dependencies": [
            "random_pet.this"
          ]
        }
      ]
    },
    {
      "mode": "managed",
      "type": "aws_s3_object",
      "name": "this",
      "provider": "provider[\"registry.terraform.io/hashicorp/aws\"]",
      "instances": [
        {
          "schema_version": 0,
          "attributes": {
            "acl": "private",
            "bucket": "my-bucket-illegally-currently-smoothly-profound-civet",
            "bucket_key_enabled": false,
            "cache_control": "",
            "content": null,
            "content_base64": null,
            "content_disposition": "",
            "content_encoding": "",
            "content_language": "",
            "content_type": "application/json",
            "etag": "dde5e07f0da8ed85c25344672452271b",
            "force_destroy": false,
            "id": "instances/instances-ami-053d61dfb9b1d269d.json",
            "key": "instances/instances-ami-053d61dfb9b1d269d.json",
            "kms_key_id": null,
            "metadata": null,
            "object_lock_legal_hold_status": "",
            "object_lock_mode": "",
            "object_lock_retain_until_date": "",
            "server_side_encryption": "",
            "source": "outputs.json",
            "source_hash": null,
            "storage_class": "STANDARD",
            "tags": null,
            "tags_all": {},
            "version_id": "",
            "website_redirect": ""
          },
          "sensitive_attributes": [],
          "private": "bnVsbA==",
          "dependencies": [
            "aws_s3_bucket.this",
            "data.terraform_remote_state.server",
            "random_pet.this"
          ]
        }
      ]
    },
    {
      "mode": "managed",
      "type": "random_pet",
      "name": "this",
      "provider": "provider[\"registry.terraform.io/hashicorp/random\"]",
      "instances": [
        {
          "schema_version": 0,
          "attributes": {
            "id": "illegally-currently-smoothly-profound-civet",
            "keepers": null,
            "length": 5,
            "prefix": null,
            "separator": "-"
          },
          "sensitive_attributes": [],
          "private": "bnVsbA=="
        }
      ]
    }
  ]
}
